
Microsoft Visual Studio Solution File, Format Version 12.00
# Visual Studio Version 17
VisualStudioVersion = 17.3.32901.215
MinimumVisualStudioVersion = 10.0.40219.1
Project("{FAE04EC0-301F-11D3-BF4B-00C04F79EFBC}") = "OpenSoftwareLauncher.Shared", "OpenSoftwareLauncher.Shared\OpenSoftwareLauncher.Shared.csproj", "{4A714248-2701-4687-9BDE-92CB648A9752}"
EndProject
Project("{FAE04EC0-301F-11D3-BF4B-00C04F79EFBC}") = "OpenSoftwareLauncher.Server", "OpenSoftwareLauncher.Server\OpenSoftwareLauncher.Server.csproj", "{4EA3DC3E-FBA3-4600-933A-80BA4002E140}"
EndProject
Global
	GlobalSection(SolutionConfigurationPlatforms) = preSolution
		Debug|Any CPU = Debug|Any CPU
		Release|Any CPU = Release|Any CPU
	EndGlobalSection
	GlobalSection(ProjectConfigurationPlatforms) = postSolution
		{4A714248-2701-4687-9BDE-92CB648A9752}.Debug|Any CPU.ActiveCfg = Debug|Any CPU
		{4A714248-2701-4687-9BDE-92CB648A9752}.Debug|Any CPU.Build.0 = Debug|Any CPU
		{4A714248-2701-4687-9BDE-92CB648A9752}.Release|Any CPU.ActiveCfg = Release|Any CPU
		{4A714248-2701-4687-9BDE-92CB648A9752}.Release|Any CPU.Build.0 = Release|Any CPU
		{4EA3DC3E-FBA3-4600-933A-80BA4002E140}.Debug|Any CPU.ActiveCfg = Debug|Any CPU
		{4EA3DC3E-FBA3-4600-933A-80BA4002E140}.Debug|Any CPU.Build.0 = Debug|Any CPU
		{4EA3DC3E-FBA3-4600-933A-80BA4002E140}.Release|Any CPU.ActiveCfg = Release|Any CPU
		{4EA3DC3E-FBA3-4600-933A-80BA4002E140}.Release|Any CPU.Build.0 = Release|Any CPU
	EndGlobalSection
	GlobalSection(SolutionProperties) = preSolution
		HideSolutionNode = FALSE
	EndGlobalSection
	GlobalSection(ExtensibilityGlobals) = postSolution
		SolutionGuid = {35C5F531-22B8-470F-9E02-B0D570557696}
	EndGlobalSection
EndGlobal
